
Microsoft Visual Studio Solution File, Format Version 12.00
# Visual Studio Version 16
VisualStudioVersion = 16.0.31313.79
MinimumVisualStudioVersion = 10.0.40219.1
Project("{9A19103F-16F7-4668-BE54-9A1E7A4F7556}") = "CrossChannel", "CrossChannel\CrossChannel.csproj", "{0C6F5FA9-D150-46BE-B697-7900F7814972}"
EndProject
Project("{2150E333-8FDC-42A3-9474-1A3956D46DE8}") = "Solution Items", "Solution Items", "{A700C758-4CE8-4891-905D-F74002E18AD6}"
	ProjectSection(SolutionItems) = preProject
		.editorconfig = .editorconfig
	EndProjectSection
EndProject
Project("{9A19103F-16F7-4668-BE54-9A1E7A4F7556}") = "ConsoleApp1", "ConsoleApp1\ConsoleApp1.csproj", "{984AFCBC-1AC9-4EF9-96C5-AE40DA0CC07B}"
EndProject
Project("{FAE04EC0-301F-11D3-BF4B-00C04F79EFBC}") = "Sandbox", "Sandbox\Sandbox.csproj", "{84DFF995-FF68-4AB7-9857-32DEA7695A14}"
EndProject
Project("{FAE04EC0-301F-11D3-BF4B-00C04F79EFBC}") = "Benchmark", "Benchmark\Benchmark.csproj", "{435FBE38-97A7-43D7-A4E7-2ADA2B99C4A8}"
EndProject
Project("{FAE04EC0-301F-11D3-BF4B-00C04F79EFBC}") = "XUnitTest", "XUnitTest\XUnitTest.csproj", "{07EDEC39-D21A-4931-A6C7-2387CBA71DB9}"
EndProject
Global
	GlobalSection(SolutionConfigurationPlatforms) = preSolution
		Debug|Any CPU = Debug|Any CPU
		Release|Any CPU = Release|Any CPU
	EndGlobalSection
	GlobalSection(ProjectConfigurationPlatforms) = postSolution
		{0C6F5FA9-D150-46BE-B697-7900F7814972}.Debug|Any CPU.ActiveCfg = Debug|Any CPU
		{0C6F5FA9-D150-46BE-B697-7900F7814972}.Debug|Any CPU.Build.0 = Debug|Any CPU
		{0C6F5FA9-D150-46BE-B697-7900F7814972}.Release|Any CPU.ActiveCfg = Release|Any CPU
		{0C6F5FA9-D150-46BE-B697-7900F7814972}.Release|Any CPU.Build.0 = Release|Any CPU
		{984AFCBC-1AC9-4EF9-96C5-AE40DA0CC07B}.Debug|Any CPU.ActiveCfg = Debug|Any CPU
		{984AFCBC-1AC9-4EF9-96C5-AE40DA0CC07B}.Debug|Any CPU.Build.0 = Debug|Any CPU
		{984AFCBC-1AC9-4EF9-96C5-AE40DA0CC07B}.Release|Any CPU.ActiveCfg = Release|Any CPU
		{984AFCBC-1AC9-4EF9-96C5-AE40DA0CC07B}.Release|Any CPU.Build.0 = Release|Any CPU
		{84DFF995-FF68-4AB7-9857-32DEA7695A14}.Debug|Any CPU.ActiveCfg = Debug|Any CPU
		{84DFF995-FF68-4AB7-9857-32DEA7695A14}.Debug|Any CPU.Build.0 = Debug|Any CPU
		{84DFF995-FF68-4AB7-9857-32DEA7695A14}.Release|Any CPU.ActiveCfg = Release|Any CPU
		{84DFF995-FF68-4AB7-9857-32DEA7695A14}.Release|Any CPU.Build.0 = Release|Any CPU
		{435FBE38-97A7-43D7-A4E7-2ADA2B99C4A8}.Debug|Any CPU.ActiveCfg = Debug|Any CPU
		{435FBE38-97A7-43D7-A4E7-2ADA2B99C4A8}.Debug|Any CPU.Build.0 = Debug|Any CPU
		{435FBE38-97A7-43D7-A4E7-2ADA2B99C4A8}.Release|Any CPU.ActiveCfg = Release|Any CPU
		{435FBE38-97A7-43D7-A4E7-2ADA2B99C4A8}.Release|Any CPU.Build.0 = Release|Any CPU
		{07EDEC39-D21A-4931-A6C7-2387CBA71DB9}.Debug|Any CPU.ActiveCfg = Debug|Any CPU
		{07EDEC39-D21A-4931-A6C7-2387CBA71DB9}.Debug|Any CPU.Build.0 = Debug|Any CPU
		{07EDEC39-D21A-4931-A6C7-2387CBA71DB9}.Release|Any CPU.ActiveCfg = Release|Any CPU
		{07EDEC39-D21A-4931-A6C7-2387CBA71DB9}.Release|Any CPU.Build.0 = Release|Any CPU
	EndGlobalSection
	GlobalSection(SolutionProperties) = preSolution
		HideSolutionNode = FALSE
	EndGlobalSection
	GlobalSection(ExtensibilityGlobals) = postSolution
		SolutionGuid = {37D4E5E4-D1B1-48E4-92B6-F72478520819}
	EndGlobalSection
EndGlobal
